// !$*UTF8*$!
{
	archiveVersion = 1;
	classes = {
	};
	objectVersion = 46;
	objects = {

/* Begin PBXBuildFile section */
		8BC491321D19E60600ACE877 /* main.m in Sources */ = {isa = PBXBuildFile; fileRef = 8BC491311D19E60600ACE877 /* main.m */; };
		8BC491351D19E60600ACE877 /* AppDelegate.m in Sources */ = {isa = PBXBuildFile; fileRef = 8BC491341D19E60600ACE877 /* AppDelegate.m */; };
		8BC4913B1D19E60600ACE877 /* Main.storyboard in Resources */ = {isa = PBXBuildFile; fileRef = 8BC491391D19E60600ACE877 /* Main.storyboard */; };
		8BC4913D1D19E60600ACE877 /* Assets.xcassets in Resources */ = {isa = PBXBuildFile; fileRef = 8BC4913C1D19E60600ACE877 /* Assets.xcassets */; };
		8BC491401D19E60600ACE877 /* LaunchScreen.storyboard in Resources */ = {isa = PBXBuildFile; fileRef = 8BC4913E1D19E60600ACE877 /* LaunchScreen.storyboard */; };
		8BC4914B1D19E60600ACE877 /* LinklistExcercisesTests.m in Sources */ = {isa = PBXBuildFile; fileRef = 8BC4914A1D19E60600ACE877 /* LinklistExcercisesTests.m */; };
		8BC491571D19E65900ACE877 /* Node.m in Sources */ = {isa = PBXBuildFile; fileRef = 8BC491561D19E65900ACE877 /* Node.m */; };
		8BC4915A1D19E6D100ACE877 /* LinklistExcerciseViewController.m in Sources */ = {isa = PBXBuildFile; fileRef = 8BC491591D19E6D100ACE877 /* LinklistExcerciseViewController.m */; };
		8BF273F51E14862C00C5C877 /* Queue.m in Sources */ = {isa = PBXBuildFile; fileRef = 8BF273F41E14862C00C5C877 /* Queue.m */; };
/* End PBXBuildFile section */

/* Begin PBXContainerItemProxy section */
		8BC491471D19E60600ACE877 /* PBXContainerItemProxy */ = {
			isa = PBXContainerItemProxy;
			containerPortal = 8BC491251D19E60600ACE877 /* Project object */;
			proxyType = 1;
			remoteGlobalIDString = 8BC4912C1D19E60600ACE877;
			remoteInfo = LinklistExcercises;
		};
/* End PBXContainerItemProxy section */

/* Begin PBXFileReference section */
		8BC4912D1D19E60600ACE877 /* LinklistExcercises.app */ = {isa = PBXFileReference; explicitFileType = wrapper.application; includeInIndex = 0; path = LinklistExcercises.app; sourceTree = BUILT_PRODUCTS_DIR; };
		8BC491311D19E60600ACE877 /* main.m */ = {isa = PBXFileReference; lastKnownFileType = sourcecode.c.objc; path = main.m; sourceTree = "<group>"; };
		8BC491331D19E60600ACE877 /* AppDelegate.h */ = {isa = PBXFileReference; lastKnownFileType = sourcecode.c.h; path = AppDelegate.h; sourceTree = "<group>"; };
		8BC491341D19E60600ACE877 /* AppDelegate.m */ = {isa = PBXFileReference; lastKnownFileType = sourcecode.c.objc; path = AppDelegate.m; sourceTree = "<group>"; };
		8BC4913A1D19E60600ACE877 /* Base */ = {isa = PBXFileReference; lastKnownFileType = file.storyboard; name = Base; path = Base.lproj/Main.storyboard; sourceTree = "<group>"; };
		8BC4913C1D19E60600ACE877 /* Assets.xcassets */ = {isa = PBXFileReference; lastKnownFileType = folder.assetcatalog; path = Assets.xcassets; sourceTree = "<group>"; };
		8BC4913F1D19E60600ACE877 /* Base */ = {isa = PBXFileReference; lastKnownFileType = file.storyboard; name = Base; path = Base.lproj/LaunchScreen.storyboard; sourceTree = "<group>"; };
		8BC491411D19E60600ACE877 /* Info.plist */ = {isa = PBXFileReference; lastKnownFileType = text.plist.xml; path = Info.plist; sourceTree = "<group>"; };
		8BC491461D19E60600ACE877 /* LinklistExcercisesTests.xctest */ = {isa = PBXFileReference; explicitFileType = wrapper.cfbundle; includeInIndex = 0; path = LinklistExcercisesTests.xctest; sourceTree = BUILT_PRODUCTS_DIR; };
		8BC4914A1D19E60600ACE877 /* LinklistExcercisesTests.m */ = {isa = PBXFileReference; lastKnownFileType = sourcecode.c.objc; path = LinklistExcercisesTests.m; sourceTree = "<group>"; };
		8BC4914C1D19E60600ACE877 /* Info.plist */ = {isa = PBXFileReference; lastKnownFileType = text.plist.xml; path = Info.plist; sourceTree = "<group>"; };
		8BC491551D19E65900ACE877 /* Node.h */ = {isa = PBXFileReference; fileEncoding = 4; lastKnownFileType = sourcecode.c.h; path = Node.h; sourceTree = "<group>"; };
		8BC491561D19E65900ACE877 /* Node.m */ = {isa = PBXFileReference; fileEncoding = 4; lastKnownFileType = sourcecode.c.objc; path = Node.m; sourceTree = "<group>"; };
		8BC491581D19E6D100ACE877 /* LinklistExcerciseViewController.h */ = {isa = PBXFileReference; fileEncoding = 4; lastKnownFileType = sourcecode.c.h; path = LinklistExcerciseViewController.h; sourceTree = "<group>"; };
		8BC491591D19E6D100ACE877 /* LinklistExcerciseViewController.m */ = {isa = PBXFileReference; fileEncoding = 4; lastKnownFileType = sourcecode.c.objc; path = LinklistExcerciseViewController.m; sourceTree = "<group>"; };
		8BF273F31E14862C00C5C877 /* Queue.h */ = {isa = PBXFileReference; fileEncoding = 4; lastKnownFileType = sourcecode.c.h; path = Queue.h; sourceTree = "<group>"; };
		8BF273F41E14862C00C5C877 /* Queue.m */ = {isa = PBXFileReference; fileEncoding = 4; lastKnownFileType = sourcecode.c.objc; path = Queue.m; sourceTree = "<group>"; };
/* End PBXFileReference section */

/* Begin PBXFrameworksBuildPhase section */
		8BC4912A1D19E60600ACE877 /* Frameworks */ = {
			isa = PBXFrameworksBuildPhase;
			buildActionMask = 2147483647;
			files = (
			);
			runOnlyForDeploymentPostprocessing = 0;
		};
		8BC491431D19E60600ACE877 /* Frameworks */ = {
			isa = PBXFrameworksBuildPhase;
			buildActionMask = 2147483647;
			files = (
			);
			runOnlyForDeploymentPostprocessing = 0;
		};
/* End PBXFrameworksBuildPhase section */

/* Begin PBXGroup section */
		8BC491241D19E60600ACE877 = {
			isa = PBXGroup;
			children = (
				8BC4912F1D19E60600ACE877 /* LinklistExcercises */,
				8BC491491D19E60600ACE877 /* LinklistExcercisesTests */,
				8BC4912E1D19E60600ACE877 /* Products */,
			);
			sourceTree = "<group>";
		};
		8BC4912E1D19E60600ACE877 /* Products */ = {
			isa = PBXGroup;
			children = (
				8BC4912D1D19E60600ACE877 /* LinklistExcercises.app */,
				8BC491461D19E60600ACE877 /* LinklistExcercisesTests.xctest */,
			);
			name = Products;
			sourceTree = "<group>";
		};
		8BC4912F1D19E60600ACE877 /* LinklistExcercises */ = {
			isa = PBXGroup;
			children = (
				8BC491551D19E65900ACE877 /* Node.h */,
				8BC491561D19E65900ACE877 /* Node.m */,
				8BF273F31E14862C00C5C877 /* Queue.h */,
				8BF273F41E14862C00C5C877 /* Queue.m */,
				8BC491581D19E6D100ACE877 /* LinklistExcerciseViewController.h */,
				8BC491591D19E6D100ACE877 /* LinklistExcerciseViewController.m */,
				8BC491331D19E60600ACE877 /* AppDelegate.h */,
				8BC491341D19E60600ACE877 /* AppDelegate.m */,
				8BC491391D19E60600ACE877 /* Main.storyboard */,
				8BC4913C1D19E60600ACE877 /* Assets.xcassets */,
				8BC4913E1D19E60600ACE877 /* LaunchScreen.storyboard */,
				8BC491411D19E60600ACE877 /* Info.plist */,
				8BC491301D19E60600ACE877 /* Supporting Files */,
			);
			path = LinklistExcercises;
			sourceTree = "<group>";
		};
		8BC491301D19E60600ACE877 /* Supporting Files */ = {
			isa = PBXGroup;
			children = (
				8BC491311D19E60600ACE877 /* main.m */,
			);
			name = "Supporting Files";
			sourceTree = "<group>";
		};
		8BC491491D19E60600ACE877 /* LinklistExcercisesTests */ = {
			isa = PBXGroup;
			children = (
				8BC4914A1D19E60600ACE877 /* LinklistExcercisesTests.m */,
				8BC4914C1D19E60600ACE877 /* Info.plist */,
			);
			path = LinklistExcercisesTests;
			sourceTree = "<group>";
		};
/* End PBXGroup section */

/* Begin PBXNativeTarget section */
		8BC4912C1D19E60600ACE877 /* LinklistExcercises */ = {
			isa = PBXNativeTarget;
			buildConfigurationList = 8BC4914F1D19E60600ACE877 /* Build configuration list for PBXNativeTarget "LinklistExcercises" */;
			buildPhases = (
				8BC491291D19E60600ACE877 /* Sources */,
				8BC4912A1D19E60600ACE877 /* Frameworks */,
				8BC4912B1D19E60600ACE877 /* Resources */,
			);
			buildRules = (
			);
			dependencies = (
			);
			name = LinklistExcercises;
			productName = LinklistExcercises;
			productReference = 8BC4912D1D19E60600ACE877 /* LinklistExcercises.app */;
			productType = "com.apple.product-type.application";
		};
		8BC491451D19E60600ACE877 /* LinklistExcercisesTests */ = {
			isa = PBXNativeTarget;
			buildConfigurationList = 8BC491521D19E60600ACE877 /* Build configuration list for PBXNativeTarget "LinklistExcercisesTests" */;
			buildPhases = (
				8BC491421D19E60600ACE877 /* Sources */,
				8BC491431D19E60600ACE877 /* Frameworks */,
				8BC491441D19E60600ACE877 /* Resources */,
			);
			buildRules = (
			);
			dependencies = (
				8BC491481D19E60600ACE877 /* PBXTargetDependency */,
			);
			name = LinklistExcercisesTests;
			productName = LinklistExcercisesTests;
			productReference = 8BC491461D19E60600ACE877 /* LinklistExcercisesTests.xctest */;
			productType = "com.apple.product-type.bundle.unit-test";
		};
/* End PBXNativeTarget section */

/* Begin PBXProject section */
		8BC491251D19E60600ACE877 /* Project object */ = {
			isa = PBXProject;
			attributes = {
				LastUpgradeCheck = 0730;
				ORGANIZATIONNAME = Developer;
				TargetAttributes = {
					8BC4912C1D19E60600ACE877 = {
						CreatedOnToolsVersion = 7.3.1;
						DevelopmentTeam = SDHBMW8ZGY;
					};
					8BC491451D19E60600ACE877 = {
						CreatedOnToolsVersion = 7.3.1;
						TestTargetID = 8BC4912C1D19E60600ACE877;
					};
				};
			};
			buildConfigurationList = 8BC491281D19E60600ACE877 /* Build configuration list for PBXProject "LinklistExcercises" */;
			compatibilityVersion = "Xcode 3.2";
			developmentRegion = English;
			hasScannedForEncodings = 0;
			knownRegions = (
				en,
				Base,
			);
			mainGroup = 8BC491241D19E60600ACE877;
			productRefGroup = 8BC4912E1D19E60600ACE877 /* Products */;
			projectDirPath = "";
			projectRoot = "";
			targets = (
				8BC4912C1D19E60600ACE877 /* LinklistExcercises */,
				8BC491451D19E60600ACE877 /* LinklistExcercisesTests */,
			);
		};
/* End PBXProject section */

/* Begin PBXResourcesBuildPhase section */
		8BC4912B1D19E60600ACE877 /* Resources */ = {
			isa = PBXResourcesBuildPhase;
			buildActionMask = 2147483647;
			files = (
				8BC491401D19E60600ACE877 /* LaunchScreen.storyboard in Resources */,
				8BC4913D1D19E60600ACE877 /* Assets.xcassets in Resources */,
				8BC4913B1D19E60600ACE877 /* Main.storyboard in Resources */,
			);
			runOnlyForDeploymentPostprocessing = 0;
		};
		8BC491441D19E60600ACE877 /* Resources */ = {
			isa = PBXResourcesBuildPhase;
			buildActionMask = 2147483647;
			files = (
			);
			runOnlyForDeploymentPostprocessing = 0;
		};
/* End PBXResourcesBuildPhase section */

/* Begin PBXSourcesBuildPhase section */
		8BC491291D19E60600ACE877 /* Sources */ = {
			isa = PBXSourcesBuildPhase;
			buildActionMask = 2147483647;
			files = (
				8BF273F51E14862C00C5C877 /* Queue.m in Sources */,
				8BC491351D19E60600ACE877 /* AppDelegate.m in Sources */,
				8BC491321D19E60600ACE877 /* main.m in Sources */,
				8BC4915A1D19E6D100ACE877 /* LinklistExcerciseViewController.m in Sources */,
				8BC491571D19E65900ACE877 /* Node.m in Sources */,
			);
			runOnlyForDeploymentPostprocessing = 0;
		};
		8BC491421D19E60600ACE877 /* Sources */ = {
			isa = PBXSourcesBuildPhase;
			buildActionMask = 2147483647;
			files = (
				8BC4914B1D19E60600ACE877 /* LinklistExcercisesTests.m in Sources */,
			);
			runOnlyForDeploymentPostprocessing = 0;
		};
/* End PBXSourcesBuildPhase section */

/* Begin PBXTargetDependency section */
		8BC491481D19E60600ACE877 /* PBXTargetDependency */ = {
			isa = PBXTargetDependency;
			target = 8BC4912C1D19E60600ACE877 /* LinklistExcercises */;
			targetProxy = 8BC491471D19E60600ACE877 /* PBXContainerItemProxy */;
		};
/* End PBXTargetDependency section */

/* Begin PBXVariantGroup section */
		8BC491391D19E60600ACE877 /* Main.storyboard */ = {
			isa = PBXVariantGroup;
			children = (
				8BC4913A1D19E60600ACE877 /* Base */,
			);
			name = Main.storyboard;
			sourceTree = "<group>";
		};
		8BC4913E1D19E60600ACE877 /* LaunchScreen.storyboard */ = {
			isa = PBXVariantGroup;
			children = (
				8BC4913F1D19E60600ACE877 /* Base */,
			);
			name = LaunchScreen.storyboard;
			sourceTree = "<group>";
		};
/* End PBXVariantGroup section */

/* Begin XCBuildConfiguration section */
		8BC4914D1D19E60600ACE877 /* Debug */ = {
			isa = XCBuildConfiguration;
			buildSettings = {
				ALWAYS_SEARCH_USER_PATHS = NO;
				CLANG_ANALYZER_NONNULL = YES;
				CLANG_CXX_LANGUAGE_STANDARD = "gnu++0x";
				CLANG_CXX_LIBRARY = "libc++";
				CLANG_ENABLE_MODULES = YES;
				CLANG_ENABLE_OBJC_ARC = YES;
				CLANG_WARN_BOOL_CONVERSION = YES;
				CLANG_WARN_CONSTANT_CONVERSION = YES;
				CLANG_WARN_DIRECT_OBJC_ISA_USAGE = YES_ERROR;
				CLANG_WARN_EMPTY_BODY = YES;
				CLANG_WARN_ENUM_CONVERSION = YES;
				CLANG_WARN_INT_CONVERSION = YES;
				CLANG_WARN_OBJC_ROOT_CLASS = YES_ERROR;
				CLANG_WARN_UNREACHABLE_CODE = YES;
				CLANG_WARN__DUPLICATE_METHOD_MATCH = YES;
				"CODE_SIGN_IDENTITY[sdk=iphoneos*]" = "iPhone Developer";
				COPY_PHASE_STRIP = NO;
				DEBUG_INFORMATION_FORMAT = dwarf;
				ENABLE_STRICT_OBJC_MSGSEND = YES;
				ENABLE_TESTABILITY = YES;
				GCC_C_LANGUAGE_STANDARD = gnu99;
				GCC_DYNAMIC_NO_PIC = NO;
				GCC_NO_COMMON_BLOCKS = YES;
				GCC_OPTIMIZATION_LEVEL = 0;
				GCC_PREPROCESSOR_DEFINITIONS = (
					"DEBUG=1",
					"$(inherited)",
				);
				GCC_WARN_64_TO_32_BIT_CONVERSION = YES;
				GCC_WARN_ABOUT_RETURN_TYPE = YES_ERROR;
				GCC_WARN_UNDECLARED_SELECTOR = YES;
				GCC_WARN_UNINITIALIZED_AUTOS = YES_AGGRESSIVE;
				GCC_WARN_UNUSED_FUNCTION = YES;
				GCC_WARN_UNUSED_VARIABLE = YES;
				IPHONEOS_DEPLOYMENT_TARGET = 9.3;
				MTL_ENABLE_DEBUG_INFO = YES;
				ONLY_ACTIVE_ARCH = YES;
				SDKROOT = iphoneos;
				TARGETED_DEVICE_FAMILY = "1,2";
			};
			name = Debug;
		};
		8BC4914E1D19E60600ACE877 /* Release */ = {
			isa = XCBuildConfiguration;
			buildSettings = {
				ALWAYS_SEARCH_USER_PATHS = NO;
				CLANG_ANALYZER_NONNULL = YES;
				CLANG_CXX_LANGUAGE_STANDARD = "gnu++0x";
				CLANG_CXX_LIBRARY = "libc++";
				CLANG_ENABLE_MODULES = YES;
				CLANG_ENABLE_OBJC_ARC = YES;
				CLANG_WARN_BOOL_CONVERSION = YES;
				CLANG_WARN_CONSTANT_CONVERSION = YES;
				CLANG_WARN_DIRECT_OBJC_ISA_USAGE = YES_ERROR;
				CLANG_WARN_EMPTY_BODY = YES;
				CLANG_WARN_ENUM_CONVERSION = YES;
				CLANG_WARN_INT_CONVERSION = YES;
				CLANG_WARN_OBJC_ROOT_CLASS = YES_ERROR;
				CLANG_WARN_UNREACHABLE_CODE = YES;
				CLANG_WARN__DUPLICATE_METHOD_MATCH = YES;
				"CODE_SIGN_IDENTITY[sdk=iphoneos*]" = "iPhone Developer";
				COPY_PHASE_STRIP = NO;
				DEBUG_INFORMATION_FORMAT = "dwarf-with-dsym";
				ENABLE_NS_ASSERTIONS = NO;
				ENABLE_STRICT_OBJC_MSGSEND = YES;
				GCC_C_LANGUAGE_STANDARD = gnu99;
				GCC_NO_COMMON_BLOCKS = YES;
				GCC_WARN_64_TO_32_BIT_CONVERSION = YES;
				GCC_WARN_ABOUT_RETURN_TYPE = YES_ERROR;
				GCC_WARN_UNDECLARED_SELECTOR = YES;
				GCC_WARN_UNINITIALIZED_AUTOS = YES_AGGRESSIVE;
				GCC_WARN_UNUSED_FUNCTION = YES;
				GCC_WARN_UNUSED_VARIABLE = YES;
				IPHONEOS_DEPLOYMENT_TARGET = 9.3;
				MTL_ENABLE_DEBUG_INFO = NO;
				SDKROOT = iphoneos;
				TARGETED_DEVICE_FAMILY = "1,2";
				VALIDATE_PRODUCT = YES;
			};
			name = Release;
		};
		8BC491501D19E60600ACE877 /* Debug */ = {
			isa = XCBuildConfiguration;
			buildSettings = {
				ASSETCATALOG_COMPILER_APPICON_NAME = AppIcon;
				DEVELOPMENT_TEAM = SDHBMW8ZGY;
				INFOPLIST_FILE = LinklistExcercises/Info.plist;
				LD_RUNPATH_SEARCH_PATHS = "$(inherited) @executable_path/Frameworks";
				PRODUCT_BUNDLE_IDENTIFIER = today.detour.LinklistExcercises;
				PRODUCT_NAME = "$(TARGET_NAME)";
			};
			name = Debug;
		};
		8BC491511D19E60600ACE877 /* Release */ = {
			isa = XCBuildConfiguration;
			buildSettings = {
				ASSETCATALOG_COMPILER_APPICON_NAME = AppIcon;
				DEVELOPMENT_TEAM = SDHBMW8ZGY;
				INFOPLIST_FILE = LinklistExcercises/Info.plist;
				LD_RUNPATH_SEARCH_PATHS = "$(inherited) @executable_path/Frameworks";
				PRODUCT_BUNDLE_IDENTIFIER = today.detour.LinklistExcercises;
				PRODUCT_NAME = "$(TARGET_NAME)";
			};
			name = Release;
		};
		8BC491531D19E60600ACE877 /* Debug */ = {
			isa = XCBuildConfiguration;
			buildSettings = {
				BUNDLE_LOADER = "$(TEST_HOST)";
				INFOPLIST_FILE = LinklistExcercisesTests/Info.plist;
				LD_RUNPATH_SEARCH_PATHS = "$(inherited) @executable_path/Frameworks @loader_path/Frameworks";
				PRODUCT_BUNDLE_IDENTIFIER = today.detour.LinklistExcercisesTests;
				PRODUCT_NAME = "$(TARGET_NAME)";
				TEST_HOST = "$(BUILT_PRODUCTS_DIR)/LinklistExcercises.app/LinklistExcercises";
			};
			name = Debug;
		};
		8BC491541D19E60600ACE877 /* Release */ = {
			isa = XCBuildConfiguration;
			buildSettings = {
				BUNDLE_LOADER = "$(TEST_HOST)";
				INFOPLIST_FILE = LinklistExcercisesTests/Info.plist;
				LD_RUNPATH_SEARCH_PATHS = "$(inherited) @executable_path/Frameworks @loader_path/Frameworks";
				PRODUCT_BUNDLE_IDENTIFIER = today.detour.LinklistExcercisesTests;
				PRODUCT_NAME = "$(TARGET_NAME)";
				TEST_HOST = "$(BUILT_PRODUCTS_DIR)/LinklistExcercises.app/LinklistExcercises";
			};
			name = Release;
		};
/* End XCBuildConfiguration section */

/* Begin XCConfigurationList section */
		8BC491281D19E60600ACE877 /* Build configuration list for PBXProject "LinklistExcercises" */ = {
			isa = XCConfigurationList;
			buildConfigurations = (
				8BC4914D1D19E60600ACE877 /* Debug */,
				8BC4914E1D19E60600ACE877 /* Release */,
			);
			defaultConfigurationIsVisible = 0;
			defaultConfigurationName = Release;
		};
		8BC4914F1D19E60600ACE877 /* Build configuration list for PBXNativeTarget "LinklistExcercises" */ = {
			isa = XCConfigurationList;
			buildConfigurations = (
				8BC491501D19E60600ACE877 /* Debug */,
				8BC491511D19E60600ACE877 /* Release */,
			);
			defaultConfigurationIsVisible = 0;
			defaultConfigurationName = Release;
		};
		8BC491521D19E60600ACE877 /* Build configuration list for PBXNativeTarget "LinklistExcercisesTests" */ = {
			isa = XCConfigurationList;
			buildConfigurations = (
				8BC491531D19E60600ACE877 /* Debug */,
				8BC491541D19E60600ACE877 /* Release */,
			);
			defaultConfigurationIsVisible = 0;
			defaultConfigurationName = Release;
		};
/* End XCConfigurationList section */
	};
	rootObject = 8BC491251D19E60600ACE877 /* Project object */;
}
